
Microsoft Visual Studio Solution File, Format Version 12.00
# Visual Studio Version 17
VisualStudioVersion = 17.7.34202.233
MinimumVisualStudioVersion = 10.0.40219.1
Project("{FAE04EC0-301F-11D3-BF4B-00C04F79EFBC}") = "Backend", "Backend\Backend.csproj", "{13AAB99A-9B39-41B4-B253-D795546A0C0E}"
EndProject
Project("{FAE04EC0-301F-11D3-BF4B-00C04F79EFBC}") = "Frontend", "Frontend\Frontend.csproj", "{06125BCF-C200-4B18-8618-82C534F2D836}"
EndProject
Project("{FAE04EC0-301F-11D3-BF4B-00C04F79EFBC}") = "UnitTests", "UnitTests\UnitTests.csproj", "{7B4237FB-2CEF-4BCA-8D0F-1CB90DC31EA2}"
EndProject
Project("{FAE04EC0-301F-11D3-BF4B-00C04F79EFBC}") = "AdminConsole", "AdminConsole\AdminConsole.csproj", "{4C0454EB-5749-45BD-BC10-2A8131E70C0A}"
EndProject
Global
	GlobalSection(SolutionConfigurationPlatforms) = preSolution
		Debug|Any CPU = Debug|Any CPU
		Release|Any CPU = Release|Any CPU
	EndGlobalSection
	GlobalSection(ProjectConfigurationPlatforms) = postSolution
		{13AAB99A-9B39-41B4-B253-D795546A0C0E}.Debug|Any CPU.ActiveCfg = Debug|Any CPU
		{13AAB99A-9B39-41B4-B253-D795546A0C0E}.Debug|Any CPU.Build.0 = Debug|Any CPU
		{13AAB99A-9B39-41B4-B253-D795546A0C0E}.Release|Any CPU.ActiveCfg = Release|Any CPU
		{13AAB99A-9B39-41B4-B253-D795546A0C0E}.Release|Any CPU.Build.0 = Release|Any CPU
		{06125BCF-C200-4B18-8618-82C534F2D836}.Debug|Any CPU.ActiveCfg = Debug|Any CPU
		{06125BCF-C200-4B18-8618-82C534F2D836}.Debug|Any CPU.Build.0 = Debug|Any CPU
		{06125BCF-C200-4B18-8618-82C534F2D836}.Release|Any CPU.ActiveCfg = Release|Any CPU
		{06125BCF-C200-4B18-8618-82C534F2D836}.Release|Any CPU.Build.0 = Release|Any CPU
		{7B4237FB-2CEF-4BCA-8D0F-1CB90DC31EA2}.Debug|Any CPU.ActiveCfg = Debug|Any CPU
		{7B4237FB-2CEF-4BCA-8D0F-1CB90DC31EA2}.Debug|Any CPU.Build.0 = Debug|Any CPU
		{7B4237FB-2CEF-4BCA-8D0F-1CB90DC31EA2}.Release|Any CPU.ActiveCfg = Release|Any CPU
		{7B4237FB-2CEF-4BCA-8D0F-1CB90DC31EA2}.Release|Any CPU.Build.0 = Release|Any CPU
		{4C0454EB-5749-45BD-BC10-2A8131E70C0A}.Debug|Any CPU.ActiveCfg = Debug|Any CPU
		{4C0454EB-5749-45BD-BC10-2A8131E70C0A}.Debug|Any CPU.Build.0 = Debug|Any CPU
		{4C0454EB-5749-45BD-BC10-2A8131E70C0A}.Release|Any CPU.ActiveCfg = Release|Any CPU
		{4C0454EB-5749-45BD-BC10-2A8131E70C0A}.Release|Any CPU.Build.0 = Release|Any CPU
	EndGlobalSection
	GlobalSection(SolutionProperties) = preSolution
		HideSolutionNode = FALSE
	EndGlobalSection
	GlobalSection(ExtensibilityGlobals) = postSolution
		SolutionGuid = {B243AE9E-385F-47F4-829D-D61F148D94E0}
	EndGlobalSection
EndGlobal
